<?xml version="1.0" encoding="utf-8"?>
<Project ToolsVersion="4.0" xmlns="http://schemas.microsoft.com/developer/msbuild/2003">
  <ItemGroup>
    <Filter Include="File di origine">
      <UniqueIdentifier>{4FC737F1-C7A5-4376-A066-2A32D752A2FF}</UniqueIdentifier>
      <Extensions>cpp;c;cc;cxx;c++;cppm;ixx;def;odl;idl;hpj;bat;asm;asmx</Extensions>
    </Filter>
    <Filter Include="File di intestazione">
      <UniqueIdentifier>{93995380-89BD-4b04-88EB-625FBE52EBFB}</UniqueIdentifier>
      <Extensions>h;hh;hpp;hxx;h++;hm;inl;inc;ipp;xsd</Extensions>
    </Filter>
    <Filter Include="File di risorse">
      <UniqueIdentifier>{67DA6AB6-F800-4c08-8B7A-83BB121AAD01}</UniqueIdentifier>
      <Extensions>rc;ico;cur;bmp;dlg;rc2;rct;bin;rgs;gif;jpg;jpeg;jpe;resx;tiff;tif;png;wav;mfcribbon-ms</Extensions>
    </Filter>
  </ItemGroup>
  <ItemGroup>
    <ClCompile Include="Engine\main.cpp">
      <Filter>File di origine</Filter>
    </ClCompile>
    <ClCompile Include="Engine\common\Deltatime.cpp">
      <Filter>File di origine</Filter>
    </ClCompile>
    <ClCompile Include="Engine\StaticDef.cpp">
      <Filter>File di origine</Filter>
    </ClCompile>
    <ClCompile Include="Lib\stbimage\stb_image.cpp">
      <Filter>File di origine</Filter>
    </ClCompile>
    <ClCompile Include="Lib\stbvorbis\stb_vorbis.cpp">
      <Filter>File di origine</Filter>
    </ClCompile>
  </ItemGroup>
  <ItemGroup>
    <ClInclude Include="Engine\Application\Window.h">
      <Filter>File di intestazione</Filter>
    </ClInclude>
    <ClInclude Include="Engine\common\Core.h">
      <Filter>File di intestazione</Filter>
    </ClInclude>
    <ClInclude Include="Lib\GLEW\include\GL\eglew.h">
      <Filter>File di intestazione</Filter>
    </ClInclude>
    <ClInclude Include="Lib\GLEW\include\GL\glew.h">
      <Filter>File di intestazione</Filter>
    </ClInclude>
    <ClInclude Include="Lib\GLEW\include\GL\glxew.h">
      <Filter>File di intestazione</Filter>
    </ClInclude>
    <ClInclude Include="Lib\GLEW\include\GL\wglew.h">
      <Filter>File di intestazione</Filter>
    </ClInclude>
    <ClInclude Include="Lib\glfw\include\GLFW\glfw3.h">
      <Filter>File di intestazione</Filter>
    </ClInclude>
    <ClInclude Include="Lib\glfw\include\GLFW\glfw3native.h">
      <Filter>File di intestazione</Filter>
    </ClInclude>
    <ClInclude Include="Engine\common\Log.h">
      <Filter>File di intestazione</Filter>
    </ClInclude>
    <ClInclude Include="Engine\common\Deltatime.h">
      <Filter>File di intestazione</Filter>
    </ClInclude>
    <ClInclude Include="Engine\Graphics\GL\Shaders.h">
      <Filter>File di intestazione</Filter>
    </ClInclude>
    <ClInclude Include="Engine\Graphics\TextureRenderer.h">
      <Filter>File di intestazione</Filter>
    </ClInclude>
    <ClInclude Include="Engine\ECS\Entity.h">
      <Filter>File di intestazione</Filter>
    </ClInclude>
    <ClInclude Include="Engine\ECS\Components.h">
      <Filter>File di intestazione</Filter>
    </ClInclude>
    <ClInclude Include="Engine\common\GeneralStructs.h">
      <Filter>File di intestazione</Filter>
    </ClInclude>
    <ClInclude Include="Engine\ECS\SystemManager.h">
      <Filter>File di intestazione</Filter>
    </ClInclude>
    <ClInclude Include="Engine\Graphics\GL\VertexBuffer.h">
      <Filter>File di intestazione</Filter>
    </ClInclude>
    <ClInclude Include="Engine\Graphics\GL\IndexBuffer.h">
      <Filter>File di intestazione</Filter>
    </ClInclude>
    <ClInclude Include="Engine\Graphics\GL\VertexArray.h">
      <Filter>File di intestazione</Filter>
    </ClInclude>
    <ClInclude Include="Engine\Graphics\GL\VertexBufferLayout.h">
      <Filter>File di intestazione</Filter>
    </ClInclude>
    <ClInclude Include="Engine\Graphics\Renderer.h">
      <Filter>File di intestazione</Filter>
    </ClInclude>
    <ClInclude Include="Lib\stbimage\stb_image.h">
      <Filter>File di intestazione</Filter>
    </ClInclude>
    <ClInclude Include="Engine\Graphics\Texture.h">
      <Filter>File di intestazione</Filter>
    </ClInclude>
    <ClInclude Include="Engine\Graphics\TextureLoader.h">
      <Filter>File di intestazione</Filter>
    </ClInclude>
    <ClInclude Include="Engine\ECS\Systems\Sysbase.h">
      <Filter>File di intestazione</Filter>
    </ClInclude>
    <ClInclude Include="Engine\ECS\Systems\RenderingSystem.h">
      <Filter>File di intestazione</Filter>
    </ClInclude>
    <ClInclude Include="Engine\ECS\Systems\Physics\Physics.h">
      <Filter>File di intestazione</Filter>
    </ClInclude>
    <ClInclude Include="Engine\ECS\Systems\Scripting\Parser.h">
      <Filter>File di intestazione</Filter>
    </ClInclude>
    <ClInclude Include="Engine\ECS\Systems\Scripting\ScriptSystem.h">
      <Filter>File di intestazione</Filter>
    </ClInclude>
    <ClInclude Include="Engine\Events\Keys.h">
      <Filter>File di intestazione</Filter>
    </ClInclude>
    <ClInclude Include="Engine\Events\EventManager.h">
      <Filter>File di intestazione</Filter>
    </ClInclude>
    <ClInclude Include="Engine\ECS\Systems\Scripting\Tokens.h">
      <Filter>File di intestazione</Filter>
    </ClInclude>
    <ClInclude Include="Engine\ECS\Systems\Scripting\Interpreter.h">
      <Filter>File di intestazione</Filter>
    </ClInclude>
    <ClInclude Include="Engine\ECS\Systems\Physics\ColliderFunctions.h">
      <Filter>File di intestazione</Filter>
    </ClInclude>
    <ClInclude Include="Engine\ECS\Systems\Physics\RigidBody.h">
      <Filter>File di intestazione</Filter>
    </ClInclude>
    <ClInclude Include="Engine\Audio\AudioLoader.h">
      <Filter>File di intestazione</Filter>
    </ClInclude>
    <ClInclude Include="Engine\Audio\Audio.h">
      <Filter>File di intestazione</Filter>
    </ClInclude>
    <ClInclude Include="Lib\openAL\include\AL\al.h">
      <Filter>File di intestazione</Filter>
    </ClInclude>
    <ClInclude Include="Lib\openAL\include\AL\alc.h">
      <Filter>File di intestazione</Filter>
    </ClInclude>
    <ClInclude Include="Lib\openAL\include\AL\alext.h">
      <Filter>File di intestazione</Filter>
    </ClInclude>
    <ClInclude Include="Lib\openAL\include\AL\efx.h">
      <Filter>File di intestazione</Filter>
    </ClInclude>
    <ClInclude Include="Lib\openAL\include\AL\efx-creative.h">
      <Filter>File di intestazione</Filter>
    </ClInclude>
    <ClInclude Include="Lib\openAL\include\AL\efx-presets.h">
      <Filter>File di intestazione</Filter>
    </ClInclude>
    <ClInclude Include="Lib\stbvorbis\stb_vorbis.h">
      <Filter>File di intestazione</Filter>
    </ClInclude>
    <ClInclude Include="Engine\ECS\Systems\AudioSystem.h">
      <Filter>File di intestazione</Filter>
    </ClInclude>
    <ClInclude Include="Engine\Application\Scene.h">
      <Filter>File di intestazione</Filter>
    </ClInclude>
    <ClInclude Include="Engine\Application\SceneManager.h">
      <Filter>File di intestazione</Filter>
    </ClInclude>
  </ItemGroup>
  <ItemGroup>
    <None Include="Lib\GLEW\doc\advanced.html" />
    <None Include="Lib\GLEW\doc\basic.html" />
    <None Include="Lib\GLEW\doc\build.html" />
    <None Include="Lib\GLEW\doc\credits.html" />
    <None Include="Lib\GLEW\doc\glew.html" />
    <None Include="Lib\GLEW\doc\glxew.html" />
    <None Include="Lib\GLEW\doc\index.html" />
    <None Include="Lib\GLEW\doc\install.html" />
    <None Include="Lib\GLEW\doc\log.html" />
    <None Include="Lib\GLEW\doc\wglew.html" />
    <None Include="Lib\glfw\docs\html\build_8md.html" />
    <None Include="Lib\glfw\docs\html\build_guide.html" />
    <None Include="Lib\glfw\docs\html\compat_8md.html" />
    <None Include="Lib\glfw\docs\html\compat_guide.html" />
    <None Include="Lib\glfw\docs\html\compile_8md.html" />
    <None Include="Lib\glfw\docs\html\compile_guide.html" />
    <None Include="Lib\glfw\docs\html\context_8md.html" />
    <None Include="Lib\glfw\docs\html\context_guide.html" />
    <None Include="Lib\glfw\docs\html\deprecated.html" />
    <None Include="Lib\glfw\docs\html\dir_7f92719a7fe62e5b064f87d7a3c220b1.html" />
    <None Include="Lib\glfw\docs\html\dir_13577e2d8b9423099662de029791bd7d.html" />
    <None Include="Lib\glfw\docs\html\dir_a788ef6c2b1e5b367804e0b6ccfd6f11.html" />
    <None Include="Lib\glfw\docs\html\dir_b11153cd0f4fd04a7564cc166f482635.html" />
    <None Include="Lib\glfw\docs\html\files.html" />
    <None Include="Lib\glfw\docs\html\glfw3_8h.html" />
    <None Include="Lib\glfw\docs\html\glfw3_8h_source.html" />
    <None Include="Lib\glfw\docs\html\glfw3native_8h.html" />
    <None Include="Lib\glfw\docs\html\glfw3native_8h_source.html" />
    <None Include="Lib\glfw\docs\html\group__buttons.html" />
    <None Include="Lib\glfw\docs\html\group__context.html" />
    <None Include="Lib\glfw\docs\html\group__errors.html" />
    <None Include="Lib\glfw\docs\html\group__gamepad__axes.html" />
    <None Include="Lib\glfw\docs\html\group__gamepad__buttons.html" />
    <None Include="Lib\glfw\docs\html\group__hat__state.html" />
    <None Include="Lib\glfw\docs\html\group__init.html" />
    <None Include="Lib\glfw\docs\html\group__input.html" />
    <None Include="Lib\glfw\docs\html\group__joysticks.html" />
    <None Include="Lib\glfw\docs\html\group__keys.html" />
    <None Include="Lib\glfw\docs\html\group__mods.html" />
    <None Include="Lib\glfw\docs\html\group__monitor.html" />
    <None Include="Lib\glfw\docs\html\group__native.html" />
    <None Include="Lib\glfw\docs\html\group__shapes.html" />
    <None Include="Lib\glfw\docs\html\group__vulkan.html" />
    <None Include="Lib\glfw\docs\html\group__window.html" />
    <None Include="Lib\glfw\docs\html\index.html" />
    <None Include="Lib\glfw\docs\html\input_8md.html" />
    <None Include="Lib\glfw\docs\html\input_guide.html" />
    <None Include="Lib\glfw\docs\html\internal_8md.html" />
    <None Include="Lib\glfw\docs\html\internals_guide.html" />
    <None Include="Lib\glfw\docs\html\intro_8md.html" />
    <None Include="Lib\glfw\docs\html\intro_guide.html" />
    <None Include="Lib\glfw\docs\html\main_8md.html" />
    <None Include="Lib\glfw\docs\html\monitor_8md.html" />
    <None Include="Lib\glfw\docs\html\monitor_guide.html" />
    <None Include="Lib\glfw\docs\html\moving_8md.html" />
    <None Include="Lib\glfw\docs\html\moving_guide.html" />
    <None Include="Lib\glfw\docs\html\news.html" />
    <None Include="Lib\glfw\docs\html\news_8md.html" />
    <None Include="Lib\glfw\docs\html\pages.html" />
    <None Include="Lib\glfw\docs\html\quick_8md.html" />
    <None Include="Lib\glfw\docs\html\quick_guide.html" />
    <None Include="Lib\glfw\docs\html\struct_g_l_f_wallocator.html" />
    <None Include="Lib\glfw\docs\html\struct_g_l_f_wgamepadstate.html" />
    <None Include="Lib\glfw\docs\html\struct_g_l_f_wgammaramp.html" />
    <None Include="Lib\glfw\docs\html\struct_g_l_f_wimage.html" />
    <None Include="Lib\glfw\docs\html\struct_g_l_f_wvidmode.html" />
    <None Include="Lib\glfw\docs\html\topics.html" />
    <None Include="Lib\glfw\docs\html\vulkan_8md.html" />
    <None Include="Lib\glfw\docs\html\vulkan_guide.html" />
    <None Include="Lib\glfw\docs\html\window_8md.html" />
    <None Include="Lib\glfw\docs\html\window_guide.html" />
    <None Include="Engine\Resources\Shaders\Vertexdep.glsl" />
    <None Include="Engine\Resources\Shaders\Fragmentdep.glsl" />
    <None Include="Engine\Resources\Shaders\Vertex.glsl" />
    <None Include="Engine\Resources\Shaders\Fragment.glsl" />
    <None Include="Engine\Resources\Shaders\Shader.shader" />
    <None Include="Lib\openAL\hrtf_defs\CIAIR.def">
      <Filter>File di origine</Filter>
    </None>
    <None Include="Lib\openAL\hrtf_defs\IRC_1005.def">
      <Filter>File di origine</Filter>
    </None>
    <None Include="Lib\openAL\hrtf_defs\MIT_KEMAR.def">
      <Filter>File di origine</Filter>
    </None>
    <None Include="Lib\openAL\hrtf_defs\MIT_KEMAR_sofa.def">
      <Filter>File di origine</Filter>
    </None>
    <None Include="Lib\openAL\hrtf_defs\SCUT_KEMAR.def">
      <Filter>File di origine</Filter>
    </None>
    <None Include="Lib\openAL\libs\Win32\OpenAL32.def">
      <Filter>File di origine</Filter>
    </None>
    <None Include="Lib\openAL\libs\Win64\OpenAL32.def">
      <Filter>File di origine</Filter>
    </None>
  </ItemGroup>
  <ItemGroup>
    <Library Include="Lib\glfw\lib-vc2022\glfw3.lib" />
    <Library Include="Lib\GLEW\lib\Release\x64\glew32s.lib" />
    <Library Include="Lib\openAL\libs\Win32\OpenAL32.lib" />
  </ItemGroup>
  <ItemGroup>
    <Image Include="Engine\Resources\TestAssets\image.png">
      <Filter>File di risorse</Filter>
    </Image>
  </ItemGroup>
</Project>